// !$*UTF8*$!
{
	archiveVersion = 1;
	classes = {
	};
	objectVersion = 55;
	objects = {

/* Begin PBXBuildFile section */
		874D080227D4F5A30030A267 /* Predictor.swift in Sources */ = {isa = PBXBuildFile; fileRef = 874D080127D4F5A30030A267 /* Predictor.swift */; };
		874D080627D4FCD80030A267 /* modoriAction.mlmodel in Sources */ = {isa = PBXBuildFile; fileRef = 874D080527D4FCD80030A267 /* modoriAction.mlmodel */; };
		876DFA3127D4A01B0047ADDE /* AppDelegate.swift in Sources */ = {isa = PBXBuildFile; fileRef = 876DFA3027D4A01B0047ADDE /* AppDelegate.swift */; };
		876DFA3327D4A01B0047ADDE /* SceneDelegate.swift in Sources */ = {isa = PBXBuildFile; fileRef = 876DFA3227D4A01B0047ADDE /* SceneDelegate.swift */; };
		876DFA3527D4A01B0047ADDE /* ViewController.swift in Sources */ = {isa = PBXBuildFile; fileRef = 876DFA3427D4A01B0047ADDE /* ViewController.swift */; };
		876DFA3827D4A01B0047ADDE /* Main.storyboard in Resources */ = {isa = PBXBuildFile; fileRef = 876DFA3627D4A01B0047ADDE /* Main.storyboard */; };
		876DFA3A27D4A01C0047ADDE /* Assets.xcassets in Resources */ = {isa = PBXBuildFile; fileRef = 876DFA3927D4A01C0047ADDE /* Assets.xcassets */; };
		876DFA3D27D4A01C0047ADDE /* LaunchScreen.storyboard in Resources */ = {isa = PBXBuildFile; fileRef = 876DFA3B27D4A01C0047ADDE /* LaunchScreen.storyboard */; };
		876DFA4527D4A1110047ADDE /* VideoCapture.swift in Sources */ = {isa = PBXBuildFile; fileRef = 876DFA4427D4A1110047ADDE /* VideoCapture.swift */; };
/* End PBXBuildFile section */

/* Begin PBXFileReference section */
		874D080127D4F5A30030A267 /* Predictor.swift */ = {isa = PBXFileReference; lastKnownFileType = sourcecode.swift; path = Predictor.swift; sourceTree = "<group>"; };
		874D080527D4FCD80030A267 /* modoriAction.mlmodel */ = {isa = PBXFileReference; lastKnownFileType = file.mlmodel; path = modoriAction.mlmodel; sourceTree = "<group>"; };
		876DFA2D27D4A01B0047ADDE /* modori_PT.app */ = {isa = PBXFileReference; explicitFileType = wrapper.application; includeInIndex = 0; path = modori_PT.app; sourceTree = BUILT_PRODUCTS_DIR; };
		876DFA3027D4A01B0047ADDE /* AppDelegate.swift */ = {isa = PBXFileReference; lastKnownFileType = sourcecode.swift; path = AppDelegate.swift; sourceTree = "<group>"; };
		876DFA3227D4A01B0047ADDE /* SceneDelegate.swift */ = {isa = PBXFileReference; lastKnownFileType = sourcecode.swift; path = SceneDelegate.swift; sourceTree = "<group>"; };
		876DFA3427D4A01B0047ADDE /* ViewController.swift */ = {isa = PBXFileReference; lastKnownFileType = sourcecode.swift; path = ViewController.swift; sourceTree = "<group>"; };
		876DFA3727D4A01B0047ADDE /* Base */ = {isa = PBXFileReference; lastKnownFileType = file.storyboard; name = Base; path = Base.lproj/Main.storyboard; sourceTree = "<group>"; };
		876DFA3927D4A01C0047ADDE /* Assets.xcassets */ = {isa = PBXFileReference; lastKnownFileType = folder.assetcatalog; path = Assets.xcassets; sourceTree = "<group>"; };
		876DFA3C27D4A01C0047ADDE /* Base */ = {isa = PBXFileReference; lastKnownFileType = file.storyboard; name = Base; path = Base.lproj/LaunchScreen.storyboard; sourceTree = "<group>"; };
		876DFA3E27D4A01C0047ADDE /* Info.plist */ = {isa = PBXFileReference; lastKnownFileType = text.plist.xml; path = Info.plist; sourceTree = "<group>"; };
		876DFA4427D4A1110047ADDE /* VideoCapture.swift */ = {isa = PBXFileReference; lastKnownFileType = sourcecode.swift; path = VideoCapture.swift; sourceTree = "<group>"; };
/* End PBXFileReference section */

/* Begin PBXFrameworksBuildPhase section */
		876DFA2A27D4A01B0047ADDE /* Frameworks */ = {
			isa = PBXFrameworksBuildPhase;
			buildActionMask = 2147483647;
			files = (
			);
			runOnlyForDeploymentPostprocessing = 0;
		};
/* End PBXFrameworksBuildPhase section */

/* Begin PBXGroup section */
		876DFA2427D4A01B0047ADDE = {
			isa = PBXGroup;
			children = (
				876DFA2F27D4A01B0047ADDE /* modori_PT */,
				876DFA2E27D4A01B0047ADDE /* Products */,
			);
			sourceTree = "<group>";
		};
		876DFA2E27D4A01B0047ADDE /* Products */ = {
			isa = PBXGroup;
			children = (
				876DFA2D27D4A01B0047ADDE /* modori_PT.app */,
			);
			name = Products;
			sourceTree = "<group>";
		};
		876DFA2F27D4A01B0047ADDE /* modori_PT */ = {
			isa = PBXGroup;
			children = (
				876DFA3027D4A01B0047ADDE /* AppDelegate.swift */,
				876DFA3227D4A01B0047ADDE /* SceneDelegate.swift */,
				876DFA3427D4A01B0047ADDE /* ViewController.swift */,
				876DFA4427D4A1110047ADDE /* VideoCapture.swift */,
				874D080127D4F5A30030A267 /* Predictor.swift */,
				876DFA3627D4A01B0047ADDE /* Main.storyboard */,
				876DFA3927D4A01C0047ADDE /* Assets.xcassets */,
				876DFA3B27D4A01C0047ADDE /* LaunchScreen.storyboard */,
				876DFA3E27D4A01C0047ADDE /* Info.plist */,
				874D080527D4FCD80030A267 /* modoriAction.mlmodel */,
			);
			path = modori_PT;
			sourceTree = "<group>";
		};
/* End PBXGroup section */

/* Begin PBXNativeTarget section */
		876DFA2C27D4A01B0047ADDE /* modori_PT */ = {
			isa = PBXNativeTarget;
			buildConfigurationList = 876DFA4127D4A01C0047ADDE /* Build configuration list for PBXNativeTarget "modori_PT" */;
			buildPhases = (
				876DFA2927D4A01B0047ADDE /* Sources */,
				876DFA2A27D4A01B0047ADDE /* Frameworks */,
				876DFA2B27D4A01B0047ADDE /* Resources */,
			);
			buildRules = (
			);
			dependencies = (
			);
			name = modori_PT;
			productName = modori_PT;
			productReference = 876DFA2D27D4A01B0047ADDE /* modori_PT.app */;
			productType = "com.apple.product-type.application";
		};
/* End PBXNativeTarget section */

/* Begin PBXProject section */
		876DFA2527D4A01B0047ADDE /* Project object */ = {
			isa = PBXProject;
			attributes = {
				BuildIndependentTargetsInParallel = 1;
				LastSwiftUpdateCheck = 1300;
				LastUpgradeCheck = 1300;
				TargetAttributes = {
					876DFA2C27D4A01B0047ADDE = {
						CreatedOnToolsVersion = 13.0;
					};
				};
			};
			buildConfigurationList = 876DFA2827D4A01B0047ADDE /* Build configuration list for PBXProject "modori_PT" */;
			compatibilityVersion = "Xcode 13.0";
			developmentRegion = en;
			hasScannedForEncodings = 0;
			knownRegions = (
				en,
				Base,
			);
			mainGroup = 876DFA2427D4A01B0047ADDE;
			productRefGroup = 876DFA2E27D4A01B0047ADDE /* Products */;
			projectDirPath = "";
			projectRoot = "";
			targets = (
				876DFA2C27D4A01B0047ADDE /* modori_PT */,
			);
		};
/* End PBXProject section */

/* Begin PBXResourcesBuildPhase section */
		876DFA2B27D4A01B0047ADDE /* Resources */ = {
			isa = PBXResourcesBuildPhase;
			buildActionMask = 2147483647;
			files = (
				876DFA3D27D4A01C0047ADDE /* LaunchScreen.storyboard in Resources */,
				876DFA3A27D4A01C0047ADDE /* Assets.xcassets in Resources */,
				876DFA3827D4A01B0047ADDE /* Main.storyboard in Resources */,
			);
			runOnlyForDeploymentPostprocessing = 0;
		};
/* End PBXResourcesBuildPhase section */

/* Begin PBXSourcesBuildPhase section */
		876DFA2927D4A01B0047ADDE /* Sources */ = {
			isa = PBXSourcesBuildPhase;
			buildActionMask = 2147483647;
			files = (
				876DFA4527D4A1110047ADDE /* VideoCapture.swift in Sources */,
				876DFA3527D4A01B0047ADDE /* ViewController.swift in Sources */,
				874D080627D4FCD80030A267 /* modoriAction.mlmodel in Sources */,
				876DFA3127D4A01B0047ADDE /* AppDelegate.swift in Sources */,
				876DFA3327D4A01B0047ADDE /* SceneDelegate.swift in Sources */,
				874D080227D4F5A30030A267 /* Predictor.swift in Sources */,
			);
			runOnlyForDeploymentPostprocessing = 0;
		};
/* End PBXSourcesBuildPhase section */

/* Begin PBXVariantGroup section */
		876DFA3627D4A01B0047ADDE /* Main.storyboard */ = {
			isa = PBXVariantGroup;
			children = (
				876DFA3727D4A01B0047ADDE /* Base */,
			);
			name = Main.storyboard;
			sourceTree = "<group>";
		};
		876DFA3B27D4A01C0047ADDE /* LaunchScreen.storyboard */ = {
			isa = PBXVariantGroup;
			children = (
				876DFA3C27D4A01C0047ADDE /* Base */,
			);
			name = LaunchScreen.storyboard;
			sourceTree = "<group>";
		};
/* End PBXVariantGroup section */

/* Begin XCBuildConfiguration section */
		876DFA3F27D4A01C0047ADDE /* Debug */ = {
			isa = XCBuildConfiguration;
			buildSettings = {
				ALWAYS_SEARCH_USER_PATHS = NO;
				CLANG_ANALYZER_NONNULL = YES;
				CLANG_ANALYZER_NUMBER_OBJECT_CONVERSION = YES_AGGRESSIVE;
				CLANG_CXX_LANGUAGE_STANDARD = "gnu++17";
				CLANG_CXX_LIBRARY = "libc++";
				CLANG_ENABLE_MODULES = YES;
				CLANG_ENABLE_OBJC_ARC = YES;
				CLANG_ENABLE_OBJC_WEAK = YES;
				CLANG_WARN_BLOCK_CAPTURE_AUTORELEASING = YES;
				CLANG_WARN_BOOL_CONVERSION = YES;
				CLANG_WARN_COMMA = YES;
				CLANG_WARN_CONSTANT_CONVERSION = YES;
				CLANG_WARN_DEPRECATED_OBJC_IMPLEMENTATIONS = YES;
				CLANG_WARN_DIRECT_OBJC_ISA_USAGE = YES_ERROR;
				CLANG_WARN_DOCUMENTATION_COMMENTS = YES;
				CLANG_WARN_EMPTY_BODY = YES;
				CLANG_WARN_ENUM_CONVERSION = YES;
				CLANG_WARN_INFINITE_RECURSION = YES;
				CLANG_WARN_INT_CONVERSION = YES;
				CLANG_WARN_NON_LITERAL_NULL_CONVERSION = YES;
				CLANG_WARN_OBJC_IMPLICIT_RETAIN_SELF = YES;
				CLANG_WARN_OBJC_LITERAL_CONVERSION = YES;
				CLANG_WARN_OBJC_ROOT_CLASS = YES_ERROR;
				CLANG_WARN_QUOTED_INCLUDE_IN_FRAMEWORK_HEADER = YES;
				CLANG_WARN_RANGE_LOOP_ANALYSIS = YES;
				CLANG_WARN_STRICT_PROTOTYPES = YES;
				CLANG_WARN_SUSPICIOUS_MOVE = YES;
				CLANG_WARN_UNGUARDED_AVAILABILITY = YES_AGGRESSIVE;
				CLANG_WARN_UNREACHABLE_CODE = YES;
				CLANG_WARN__DUPLICATE_METHOD_MATCH = YES;
				COPY_PHASE_STRIP = NO;
				DEBUG_INFORMATION_FORMAT = dwarf;
				ENABLE_STRICT_OBJC_MSGSEND = YES;
				ENABLE_TESTABILITY = YES;
				GCC_C_LANGUAGE_STANDARD = gnu11;
				GCC_DYNAMIC_NO_PIC = NO;
				GCC_NO_COMMON_BLOCKS = YES;
				GCC_OPTIMIZATION_LEVEL = 0;
				GCC_PREPROCESSOR_DEFINITIONS = (
					"DEBUG=1",
					"$(inherited)",
				);
				GCC_WARN_64_TO_32_BIT_CONVERSION = YES;
				GCC_WARN_ABOUT_RETURN_TYPE = YES_ERROR;
				GCC_WARN_UNDECLARED_SELECTOR = YES;
				GCC_WARN_UNINITIALIZED_AUTOS = YES_AGGRESSIVE;
				GCC_WARN_UNUSED_FUNCTION = YES;
				GCC_WARN_UNUSED_VARIABLE = YES;
				IPHONEOS_DEPLOYMENT_TARGET = 15.0;
				MTL_ENABLE_DEBUG_INFO = INCLUDE_SOURCE;
				MTL_FAST_MATH = YES;
				ONLY_ACTIVE_ARCH = YES;
				SDKROOT = iphoneos;
				SWIFT_ACTIVE_COMPILATION_CONDITIONS = DEBUG;
				SWIFT_OPTIMIZATION_LEVEL = "-Onone";
			};
			name = Debug;
		};
		876DFA4027D4A01C0047ADDE /* Release */ = {
			isa = XCBuildConfiguration;
			buildSettings = {
				ALWAYS_SEARCH_USER_PATHS = NO;
				CLANG_ANALYZER_NONNULL = YES;
				CLANG_ANALYZER_NUMBER_OBJECT_CONVERSION = YES_AGGRESSIVE;
				CLANG_CXX_LANGUAGE_STANDARD = "gnu++17";
				CLANG_CXX_LIBRARY = "libc++";
				CLANG_ENABLE_MODULES = YES;
				CLANG_ENABLE_OBJC_ARC = YES;
				CLANG_ENABLE_OBJC_WEAK = YES;
				CLANG_WARN_BLOCK_CAPTURE_AUTORELEASING = YES;
				CLANG_WARN_BOOL_CONVERSION = YES;
				CLANG_WARN_COMMA = YES;
				CLANG_WARN_CONSTANT_CONVERSION = YES;
				CLANG_WARN_DEPRECATED_OBJC_IMPLEMENTATIONS = YES;
				CLANG_WARN_DIRECT_OBJC_ISA_USAGE = YES_ERROR;
				CLANG_WARN_DOCUMENTATION_COMMENTS = YES;
				CLANG_WARN_EMPTY_BODY = YES;
				CLANG_WARN_ENUM_CONVERSION = YES;
				CLANG_WARN_INFINITE_RECURSION = YES;
				CLANG_WARN_INT_CONVERSION = YES;
				CLANG_WARN_NON_LITERAL_NULL_CONVERSION = YES;
				CLANG_WARN_OBJC_IMPLICIT_RETAIN_SELF = YES;
				CLANG_WARN_OBJC_LITERAL_CONVERSION = YES;
				CLANG_WARN_OBJC_ROOT_CLASS = YES_ERROR;
				CLANG_WARN_QUOTED_INCLUDE_IN_FRAMEWORK_HEADER = YES;
				CLANG_WARN_RANGE_LOOP_ANALYSIS = YES;
				CLANG_WARN_STRICT_PROTOTYPES = YES;
				CLANG_WARN_SUSPICIOUS_MOVE = YES;
				CLANG_WARN_UNGUARDED_AVAILABILITY = YES_AGGRESSIVE;
				CLANG_WARN_UNREACHABLE_CODE = YES;
				CLANG_WARN__DUPLICATE_METHOD_MATCH = YES;
				COPY_PHASE_STRIP = NO;
				DEBUG_INFORMATION_FORMAT = "dwarf-with-dsym";
				ENABLE_NS_ASSERTIONS = NO;
				ENABLE_STRICT_OBJC_MSGSEND = YES;
				GCC_C_LANGUAGE_STANDARD = gnu11;
				GCC_NO_COMMON_BLOCKS = YES;
				GCC_WARN_64_TO_32_BIT_CONVERSION = YES;
				GCC_WARN_ABOUT_RETURN_TYPE = YES_ERROR;
				GCC_WARN_UNDECLARED_SELECTOR = YES;
				GCC_WARN_UNINITIALIZED_AUTOS = YES_AGGRESSIVE;
				GCC_WARN_UNUSED_FUNCTION = YES;
				GCC_WARN_UNUSED_VARIABLE = YES;
				IPHONEOS_DEPLOYMENT_TARGET = 15.0;
				MTL_ENABLE_DEBUG_INFO = NO;
				MTL_FAST_MATH = YES;
				SDKROOT = iphoneos;
				SWIFT_COMPILATION_MODE = wholemodule;
				SWIFT_OPTIMIZATION_LEVEL = "-O";
				VALIDATE_PRODUCT = YES;
			};
			name = Release;
		};
		876DFA4227D4A01C0047ADDE /* Debug */ = {
			isa = XCBuildConfiguration;
			buildSettings = {
				ASSETCATALOG_COMPILER_APPICON_NAME = AppIcon;
				ASSETCATALOG_COMPILER_GLOBAL_ACCENT_COLOR_NAME = AccentColor;
				CODE_SIGN_STYLE = Automatic;
				CURRENT_PROJECT_VERSION = 1;
				DEVELOPMENT_TEAM = 8MKGM4RXJ3;
				GENERATE_INFOPLIST_FILE = YES;
				INFOPLIST_FILE = modori_PT/Info.plist;
				INFOPLIST_KEY_UIApplicationSupportsIndirectInputEvents = YES;
				INFOPLIST_KEY_UILaunchStoryboardName = LaunchScreen;
				INFOPLIST_KEY_UIMainStoryboardFile = Main;
				INFOPLIST_KEY_UISupportedInterfaceOrientations_iPad = "UIInterfaceOrientationPortrait UIInterfaceOrientationPortraitUpsideDown UIInterfaceOrientationLandscapeLeft UIInterfaceOrientationLandscapeRight";
				INFOPLIST_KEY_UISupportedInterfaceOrientations_iPhone = "UIInterfaceOrientationPortrait UIInterfaceOrientationLandscapeLeft UIInterfaceOrientationLandscapeRight";
				LD_RUNPATH_SEARCH_PATHS = (
					"$(inherited)",
					"@executable_path/Frameworks",
				);
				MARKETING_VERSION = 1.0;
				PRODUCT_BUNDLE_IDENTIFIER = "com.modori-PT";
				PRODUCT_NAME = "$(TARGET_NAME)";
				SWIFT_EMIT_LOC_STRINGS = YES;
				SWIFT_VERSION = 5.0;
				TARGETED_DEVICE_FAMILY = "1,2";
			};
			name = Debug;
		};
		876DFA4327D4A01C0047ADDE /* Release */ = {
			isa = XCBuildConfiguration;
			buildSettings = {
				ASSETCATALOG_COMPILER_APPICON_NAME = AppIcon;
				ASSETCATALOG_COMPILER_GLOBAL_ACCENT_COLOR_NAME = AccentColor;
				CODE_SIGN_STYLE = Automatic;
				CURRENT_PROJECT_VERSION = 1;
				DEVELOPMENT_TEAM = 8MKGM4RXJ3;
				GENERATE_INFOPLIST_FILE = YES;
				INFOPLIST_FILE = modori_PT/Info.plist;
				INFOPLIST_KEY_UIApplicationSupportsIndirectInputEvents = YES;
				INFOPLIST_KEY_UILaunchStoryboardName = LaunchScreen;
				INFOPLIST_KEY_UIMainStoryboardFile = Main;
				INFOPLIST_KEY_UISupportedInterfaceOrientations_iPad = "UIInterfaceOrientationPortrait UIInterfaceOrientationPortraitUpsideDown UIInterfaceOrientationLandscapeLeft UIInterfaceOrientationLandscapeRight";
				INFOPLIST_KEY_UISupportedInterfaceOrientations_iPhone = "UIInterfaceOrientationPortrait UIInterfaceOrientationLandscapeLeft UIInterfaceOrientationLandscapeRight";
				LD_RUNPATH_SEARCH_PATHS = (
					"$(inherited)",
					"@executable_path/Frameworks",
				);
				MARKETING_VERSION = 1.0;
				PRODUCT_BUNDLE_IDENTIFIER = "com.modori-PT";
				PRODUCT_NAME = "$(TARGET_NAME)";
				SWIFT_EMIT_LOC_STRINGS = YES;
				SWIFT_VERSION = 5.0;
				TARGETED_DEVICE_FAMILY = "1,2";
			};
			name = Release;
		};
/* End XCBuildConfiguration section */

/* Begin XCConfigurationList section */
		876DFA2827D4A01B0047ADDE /* Build configuration list for PBXProject "modori_PT" */ = {
			isa = XCConfigurationList;
			buildConfigurations = (
				876DFA3F27D4A01C0047ADDE /* Debug */,
				876DFA4027D4A01C0047ADDE /* Release */,
			);
			defaultConfigurationIsVisible = 0;
			defaultConfigurationName = Release;
		};
		876DFA4127D4A01C0047ADDE /* Build configuration list for PBXNativeTarget "modori_PT" */ = {
			isa = XCConfigurationList;
			buildConfigurations = (
				876DFA4227D4A01C0047ADDE /* Debug */,
				876DFA4327D4A01C0047ADDE /* Release */,
			);
			defaultConfigurationIsVisible = 0;
			defaultConfigurationName = Release;
		};
/* End XCConfigurationList section */
	};
	rootObject = 876DFA2527D4A01B0047ADDE /* Project object */;
}
